{
  "requires": true,
  "lockfileVersion": 1,
  "dependencies": {
    "purty": {
      "version": "6.1.1",
      "resolved": "https://registry.npmjs.org/purty/-/purty-6.1.1.tgz",
      "integrity": "sha512-so9LqRVM0DfBHgatD7+fppdVgayMVaWdz4j2KuS2sCDf0CpxOh1SwM7AFyQI2hfm4Yl5+1+ExVO2wyOaxjIeyg=="
    }
  }
}
